github.com/2kabhishek/neonote v0.0.0-20220612062317-c96cadd8bf02 h1:0wozM5jcQ4qS3njj0yD13e+02+A6QJs2gURrn4sxoFE=
github.com/2kabhishek/neonote v0.0.0-20220612062317-c96cadd8bf02/go.mod h1:W9HMUwBJIN0sp9ATuuV3vngm7cHiggP/9G3hch1rZXs=
github.com/2kabhishek/neonote v0.0.0-20220627200004-6a36ba8cc2fa h1:s/dv9gByzSEg2RuNDyfx3M0jZHk8+l0RQd7h5ZF2YYc=
github.com/2kabhishek/neonote v0.0.0-20220627200004-6a36ba8cc2fa/go.mod h1:W9HMUwBJIN0sp9ATuuV3vngm7cHiggP/9G3hch1rZXs=
github.com/2kabhishek/neonote v0.0.0-20220822132750-41aa40a2e209 h1:tUjA5FFiMCKzNgreBtwCy8cy1x5GLHHHsm2z661Voug=
github.com/2kabhishek/neonote v0.0.0-20220822132750-41aa40a2e209/go.mod h1:W9HMUwBJIN0sp9ATuuV3vngm7cHiggP/9G3hch1rZXs=
github.com/2kabhishek/neonote v0.0.0-20230406194433-6a3f393fd670 h1:YFqeNWC3g2g8o0WL0U199j1JpBYDFQN2UXg+AixWqB0=
github.com/2kabhishek/neonote v0.0.0-20230406194433-6a3f393fd670/go.mod h1:W9HMUwBJIN0sp9ATuuV3vngm7cHiggP/9G3hch1rZXs=
github.com/2kabhishek/neonote v0.0.0-20230930192430-81ad863d9548 h1:6rO/BEocbDVFMCx5epUuAGu13Z/AcjD6ZHASiU9Oyck=
github.com/2kabhishek/neonote v0.0.0-20230930192430-81ad863d9548/go.mod h1:W9HMUwBJIN0sp9ATuuV3vngm7cHiggP/9G3hch1rZXs=
