github.com/2kabhishek/neonote v0.0.0-20220612052945-ed8809a176fc h1:6QdlfLlcyL8wD0Q5Di3JJRsLy8Hiv1SJp8sFlWkZBpg=
github.com/2kabhishek/neonote v0.0.0-20220612052945-ed8809a176fc/go.mod h1:W9HMUwBJIN0sp9ATuuV3vngm7cHiggP/9G3hch1rZXs=
github.com/2kabhishek/neonote v0.0.0-20220612062317-c96cadd8bf02 h1:0wozM5jcQ4qS3njj0yD13e+02+A6QJs2gURrn4sxoFE=
github.com/2kabhishek/neonote v0.0.0-20220612062317-c96cadd8bf02/go.mod h1:W9HMUwBJIN0sp9ATuuV3vngm7cHiggP/9G3hch1rZXs=
