github.com/2kabhishek/neonote v0.0.0-20220612062317-c96cadd8bf02 h1:0wozM5jcQ4qS3njj0yD13e+02+A6QJs2gURrn4sxoFE=
github.com/2kabhishek/neonote v0.0.0-20220612062317-c96cadd8bf02/go.mod h1:W9HMUwBJIN0sp9ATuuV3vngm7cHiggP/9G3hch1rZXs=
github.com/2kabhishek/neonote v0.0.0-20220627200004-6a36ba8cc2fa h1:s/dv9gByzSEg2RuNDyfx3M0jZHk8+l0RQd7h5ZF2YYc=
github.com/2kabhishek/neonote v0.0.0-20220627200004-6a36ba8cc2fa/go.mod h1:W9HMUwBJIN0sp9ATuuV3vngm7cHiggP/9G3hch1rZXs=
github.com/2kabhishek/neonote v0.0.0-20220822132750-41aa40a2e209 h1:tUjA5FFiMCKzNgreBtwCy8cy1x5GLHHHsm2z661Voug=
github.com/2kabhishek/neonote v0.0.0-20220822132750-41aa40a2e209/go.mod h1:W9HMUwBJIN0sp9ATuuV3vngm7cHiggP/9G3hch1rZXs=
github.com/2kabhishek/neonote v0.0.0-20230406194433-6a3f393fd670 h1:YFqeNWC3g2g8o0WL0U199j1JpBYDFQN2UXg+AixWqB0=
github.com/2kabhishek/neonote v0.0.0-20230406194433-6a3f393fd670/go.mod h1:W9HMUwBJIN0sp9ATuuV3vngm7cHiggP/9G3hch1rZXs=
github.com/2kabhishek/neonote v0.0.0-20230930192430-81ad863d9548 h1:6rO/BEocbDVFMCx5epUuAGu13Z/AcjD6ZHASiU9Oyck=
github.com/2kabhishek/neonote v0.0.0-20230930192430-81ad863d9548/go.mod h1:W9HMUwBJIN0sp9ATuuV3vngm7cHiggP/9G3hch1rZXs=
github.com/2kabhishek/neonote v0.0.0-20231001055838-b0eeeacf6ea6 h1:U4plD1aybgtJNvlU5IKpJySY3dOuvifjtyrd+Ni3ZfY=
github.com/2kabhishek/neonote v0.0.0-20231001055838-b0eeeacf6ea6/go.mod h1:W9HMUwBJIN0sp9ATuuV3vngm7cHiggP/9G3hch1rZXs=
github.com/2kabhishek/neonote v0.0.0-20240428061805-a837ff902a99 h1:lt6pvhgpvuHX+WwGC97B3puHNZnET0q2KDNLB7M8lbw=
github.com/2kabhishek/neonote v0.0.0-20240428061805-a837ff902a99/go.mod h1:W9HMUwBJIN0sp9ATuuV3vngm7cHiggP/9G3hch1rZXs=
github.com/2kabhishek/neonote v0.0.0-20240428063118-4263f2c61b20 h1:EGvWMi6J4IrxFZuvPERj0QIoyWmEqQd8kLoEkZw4LJw=
github.com/2kabhishek/neonote v0.0.0-20240428063118-4263f2c61b20/go.mod h1:W9HMUwBJIN0sp9ATuuV3vngm7cHiggP/9G3hch1rZXs=
github.com/2kabhishek/neonote v0.0.0-20240428063834-0375a3a65a50 h1:PdSkZ50Vyr1HfSsGersMxQIXQ/ODzpk71j2OA0dVNiA=
github.com/2kabhishek/neonote v0.0.0-20240428063834-0375a3a65a50/go.mod h1:W9HMUwBJIN0sp9ATuuV3vngm7cHiggP/9G3hch1rZXs=
github.com/2kabhishek/neonote v0.0.0-20241102160554-c16fe07e2d38 h1:zu+D7EYpg84MXNyIJGcS4MiAV3xWp5tl3N7K5Cu5vz4=
github.com/2kabhishek/neonote v0.0.0-20241102160554-c16fe07e2d38/go.mod h1:W9HMUwBJIN0sp9ATuuV3vngm7cHiggP/9G3hch1rZXs=
github.com/2kabhishek/neonote v0.0.0-20241102161614-e9df8da5bcb4 h1:qxWOpmTt1VBqnwZ70ZzOActCyY5sOUpSz/fsJY7c8LQ=
github.com/2kabhishek/neonote v0.0.0-20241102161614-e9df8da5bcb4/go.mod h1:W9HMUwBJIN0sp9ATuuV3vngm7cHiggP/9G3hch1rZXs=
github.com/2kabhishek/neonote v0.0.0-20250929031135-220d7a8e3db2 h1:3pxqwtxebtHwTrwOCIiy8PrrlB6HTlfkVtl5P3jgtIo=
github.com/2kabhishek/neonote v0.0.0-20250929031135-220d7a8e3db2/go.mod h1:W9HMUwBJIN0sp9ATuuV3vngm7cHiggP/9G3hch1rZXs=
